
Microsoft Visual Studio Solution File, Format Version 12.00
# Visual Studio Version 16
VisualStudioVersion = 16.0.32413.511
MinimumVisualStudioVersion = 10.0.40219.1
Project("{FAE04EC0-301F-11D3-BF4B-00C04F79EFBC}") = "MVC_GerenciadorDeConteudo", "MVC_GerenciadorDeConteudo.csproj", "{380AE085-9A70-4BDF-B909-60D7994CE182}"
EndProject
Project("{FAE04EC0-301F-11D3-BF4B-00C04F79EFBC}") = "Database", "..\Database\Database.csproj", "{279A9FEC-E9F8-4D91-A6CA-BD41DD5A82E6}"
EndProject
Project("{FAE04EC0-301F-11D3-BF4B-00C04F79EFBC}") = "Business", "..\Business\Business.csproj", "{7882B0A8-E0AA-48E5-9564-246A9043CB1A}"
EndProject
Global
	GlobalSection(SolutionConfigurationPlatforms) = preSolution
		Debug|Any CPU = Debug|Any CPU
		Release|Any CPU = Release|Any CPU
	EndGlobalSection
	GlobalSection(ProjectConfigurationPlatforms) = postSolution
		{380AE085-9A70-4BDF-B909-60D7994CE182}.Debug|Any CPU.ActiveCfg = Debug|Any CPU
		{380AE085-9A70-4BDF-B909-60D7994CE182}.Debug|Any CPU.Build.0 = Debug|Any CPU
		{380AE085-9A70-4BDF-B909-60D7994CE182}.Release|Any CPU.ActiveCfg = Release|Any CPU
		{380AE085-9A70-4BDF-B909-60D7994CE182}.Release|Any CPU.Build.0 = Release|Any CPU
		{279A9FEC-E9F8-4D91-A6CA-BD41DD5A82E6}.Debug|Any CPU.ActiveCfg = Debug|Any CPU
		{279A9FEC-E9F8-4D91-A6CA-BD41DD5A82E6}.Debug|Any CPU.Build.0 = Debug|Any CPU
		{279A9FEC-E9F8-4D91-A6CA-BD41DD5A82E6}.Release|Any CPU.ActiveCfg = Release|Any CPU
		{279A9FEC-E9F8-4D91-A6CA-BD41DD5A82E6}.Release|Any CPU.Build.0 = Release|Any CPU
		{7882B0A8-E0AA-48E5-9564-246A9043CB1A}.Debug|Any CPU.ActiveCfg = Debug|Any CPU
		{7882B0A8-E0AA-48E5-9564-246A9043CB1A}.Debug|Any CPU.Build.0 = Debug|Any CPU
		{7882B0A8-E0AA-48E5-9564-246A9043CB1A}.Release|Any CPU.ActiveCfg = Release|Any CPU
		{7882B0A8-E0AA-48E5-9564-246A9043CB1A}.Release|Any CPU.Build.0 = Release|Any CPU
	EndGlobalSection
	GlobalSection(SolutionProperties) = preSolution
		HideSolutionNode = FALSE
	EndGlobalSection
	GlobalSection(ExtensibilityGlobals) = postSolution
		SolutionGuid = {4F73C935-8D7D-4392-9070-2A96DF700DCB}
	EndGlobalSection
EndGlobal
